
Microsoft Visual Studio Solution File, Format Version 12.00
Project("{FAE04EC0-301F-11D3-BF4B-00C04F79EFBC}") = "ServerlessCommunity.Core.AzFunc", "ServerlessCommunity.Core.AzFunc\ServerlessCommunity.Core.AzFunc.csproj", "{EF85D5C4-B4FF-408A-BC7A-0C680E802951}"
EndProject
Project("{FAE04EC0-301F-11D3-BF4B-00C04F79EFBC}") = "ServerlessCommunity.Config", "ServerlessCommunity.Config\ServerlessCommunity.Config.csproj", "{5CFC4D5F-7ED7-4632-A788-E8B213403C9F}"
EndProject
Project("{FAE04EC0-301F-11D3-BF4B-00C04F79EFBC}") = "ServerlessCommunity.Application", "ServerlessCommunity.Application\ServerlessCommunity.Application.csproj", "{4BE8E236-CDD9-4CA8-8DBB-D1567C70731D}"
EndProject
Global
	GlobalSection(SolutionConfigurationPlatforms) = preSolution
		Debug|Any CPU = Debug|Any CPU
		Release|Any CPU = Release|Any CPU
	EndGlobalSection
	GlobalSection(ProjectConfigurationPlatforms) = postSolution
		{EF85D5C4-B4FF-408A-BC7A-0C680E802951}.Debug|Any CPU.ActiveCfg = Debug|Any CPU
		{EF85D5C4-B4FF-408A-BC7A-0C680E802951}.Debug|Any CPU.Build.0 = Debug|Any CPU
		{EF85D5C4-B4FF-408A-BC7A-0C680E802951}.Release|Any CPU.ActiveCfg = Release|Any CPU
		{EF85D5C4-B4FF-408A-BC7A-0C680E802951}.Release|Any CPU.Build.0 = Release|Any CPU
		{5CFC4D5F-7ED7-4632-A788-E8B213403C9F}.Debug|Any CPU.ActiveCfg = Debug|Any CPU
		{5CFC4D5F-7ED7-4632-A788-E8B213403C9F}.Debug|Any CPU.Build.0 = Debug|Any CPU
		{5CFC4D5F-7ED7-4632-A788-E8B213403C9F}.Release|Any CPU.ActiveCfg = Release|Any CPU
		{5CFC4D5F-7ED7-4632-A788-E8B213403C9F}.Release|Any CPU.Build.0 = Release|Any CPU
		{4BE8E236-CDD9-4CA8-8DBB-D1567C70731D}.Debug|Any CPU.ActiveCfg = Debug|Any CPU
		{4BE8E236-CDD9-4CA8-8DBB-D1567C70731D}.Debug|Any CPU.Build.0 = Debug|Any CPU
		{4BE8E236-CDD9-4CA8-8DBB-D1567C70731D}.Release|Any CPU.ActiveCfg = Release|Any CPU
		{4BE8E236-CDD9-4CA8-8DBB-D1567C70731D}.Release|Any CPU.Build.0 = Release|Any CPU
	EndGlobalSection
EndGlobal
